
Microsoft Visual Studio Solution File, Format Version 12.00
# Visual Studio Version 17
VisualStudioVersion = 17.9.34728.123
MinimumVisualStudioVersion = 10.0.40219.1
Project("{FAE04EC0-301F-11D3-BF4B-00C04F79EFBC}") = "Ex01_01", "Ex01_01\Ex01_01.csproj", "{3277ECC6-05CA-4675-BE11-C8E088CAECD8}"
EndProject
Project("{FAE04EC0-301F-11D3-BF4B-00C04F79EFBC}") = "Ex01_03", "Ex01_03\Ex01_03.csproj", "{3BDA8FA5-EAA9-4A8D-BF41-16F7DC48B1BC}"
EndProject
Project("{FAE04EC0-301F-11D3-BF4B-00C04F79EFBC}") = "Ex01_04", "Ex01_04\Ex01_04.csproj", "{155F2972-835F-4701-9FBD-103A662AB10A}"
EndProject
Project("{FAE04EC0-301F-11D3-BF4B-00C04F79EFBC}") = "Ex01_05", "Ex01_05\Ex01_05.csproj", "{7D6A87ED-67A5-4CF2-AA30-AC5AF1FDA7F7}"
EndProject
Project("{FAE04EC0-301F-11D3-BF4B-00C04F79EFBC}") = "Ex01_02", "Ex01_02\Ex01_02.csproj", "{37969484-DD1A-41C4-A182-A503825D08EC}"
EndProject
Global
	GlobalSection(SolutionConfigurationPlatforms) = preSolution
		Debug|Any CPU = Debug|Any CPU
		Release|Any CPU = Release|Any CPU
	EndGlobalSection
	GlobalSection(ProjectConfigurationPlatforms) = postSolution
		{3277ECC6-05CA-4675-BE11-C8E088CAECD8}.Debug|Any CPU.ActiveCfg = Debug|Any CPU
		{3277ECC6-05CA-4675-BE11-C8E088CAECD8}.Debug|Any CPU.Build.0 = Debug|Any CPU
		{3277ECC6-05CA-4675-BE11-C8E088CAECD8}.Release|Any CPU.ActiveCfg = Release|Any CPU
		{3277ECC6-05CA-4675-BE11-C8E088CAECD8}.Release|Any CPU.Build.0 = Release|Any CPU
		{3BDA8FA5-EAA9-4A8D-BF41-16F7DC48B1BC}.Debug|Any CPU.ActiveCfg = Debug|Any CPU
		{3BDA8FA5-EAA9-4A8D-BF41-16F7DC48B1BC}.Debug|Any CPU.Build.0 = Debug|Any CPU
		{3BDA8FA5-EAA9-4A8D-BF41-16F7DC48B1BC}.Release|Any CPU.ActiveCfg = Release|Any CPU
		{3BDA8FA5-EAA9-4A8D-BF41-16F7DC48B1BC}.Release|Any CPU.Build.0 = Release|Any CPU
		{155F2972-835F-4701-9FBD-103A662AB10A}.Debug|Any CPU.ActiveCfg = Debug|Any CPU
		{155F2972-835F-4701-9FBD-103A662AB10A}.Debug|Any CPU.Build.0 = Debug|Any CPU
		{155F2972-835F-4701-9FBD-103A662AB10A}.Release|Any CPU.ActiveCfg = Release|Any CPU
		{155F2972-835F-4701-9FBD-103A662AB10A}.Release|Any CPU.Build.0 = Release|Any CPU
		{7D6A87ED-67A5-4CF2-AA30-AC5AF1FDA7F7}.Debug|Any CPU.ActiveCfg = Debug|Any CPU
		{7D6A87ED-67A5-4CF2-AA30-AC5AF1FDA7F7}.Debug|Any CPU.Build.0 = Debug|Any CPU
		{7D6A87ED-67A5-4CF2-AA30-AC5AF1FDA7F7}.Release|Any CPU.ActiveCfg = Release|Any CPU
		{7D6A87ED-67A5-4CF2-AA30-AC5AF1FDA7F7}.Release|Any CPU.Build.0 = Release|Any CPU
		{37969484-DD1A-41C4-A182-A503825D08EC}.Debug|Any CPU.ActiveCfg = Debug|Any CPU
		{37969484-DD1A-41C4-A182-A503825D08EC}.Debug|Any CPU.Build.0 = Debug|Any CPU
		{37969484-DD1A-41C4-A182-A503825D08EC}.Release|Any CPU.ActiveCfg = Release|Any CPU
		{37969484-DD1A-41C4-A182-A503825D08EC}.Release|Any CPU.Build.0 = Release|Any CPU
	EndGlobalSection
	GlobalSection(SolutionProperties) = preSolution
		HideSolutionNode = FALSE
	EndGlobalSection
	GlobalSection(ExtensibilityGlobals) = postSolution
		SolutionGuid = {7C3E5DA8-F3CA-4E00-AEF5-056B99B3F4E7}
	EndGlobalSection
EndGlobal
